PODS:
  - Alamofire (5.4.3)
  - BSImagePicker (3.3.1)

DEPENDENCIES:
  - Alamofire
  - BSImagePicker (~> 3.1)

SPEC REPOS:
  trunk:
    - Alamofire
    - BSImagePicker

SPEC CHECKSUMS:
  Alamofire: e447a2774a40c996748296fa2c55112fdbbc42f9
  BSImagePicker: 0fe04b574d4d6b81093785d2af6c26227efc8428

PODFILE CHECKSUM: e3e5296a9c66bde97cc0a33253b56dae5156abba

COCOAPODS: 1.10.2
