// !$*UTF8*$!
{
	archiveVersion = 1;
	classes = {
	};
	objectVersion = 55;
	objects = {

/* Begin PBXBuildFile section */
		4412F82A3A045BD38A4643C7 /* Pods_Habitation.framework in Frameworks */ = {isa = PBXBuildFile; fileRef = 450F0539A7FB58D59380DF4E /* Pods_Habitation.framework */; };
		FC06D0DA27E5251500E65142 /* HomeViewController.swift in Sources */ = {isa = PBXBuildFile; fileRef = FC06D0D927E5251500E65142 /* HomeViewController.swift */; };
		FC06D0DC27E5255E00E65142 /* CategoriesViewController.swift in Sources */ = {isa = PBXBuildFile; fileRef = FC06D0DB27E5255E00E65142 /* CategoriesViewController.swift */; };
		FC06D0DE27E5259000E65142 /* FavoritesViewController.swift in Sources */ = {isa = PBXBuildFile; fileRef = FC06D0DD27E5259000E65142 /* FavoritesViewController.swift */; };
		FC06D0E027E525A800E65142 /* SettingsViewController.swift in Sources */ = {isa = PBXBuildFile; fileRef = FC06D0DF27E525A800E65142 /* SettingsViewController.swift */; };
		FC18F7D22861B499001B85C5 /* HomeDetailsViewController.swift in Sources */ = {isa = PBXBuildFile; fileRef = FC18F7D12861B499001B85C5 /* HomeDetailsViewController.swift */; };
		FC18F7D42861DDDB001B85C5 /* AllDetailsTableViewCell.swift in Sources */ = {isa = PBXBuildFile; fileRef = FC18F7D32861DDDB001B85C5 /* AllDetailsTableViewCell.swift */; };
		FC18F7D62861E29B001B85C5 /* HomeImagesCollectionViewCell.swift in Sources */ = {isa = PBXBuildFile; fileRef = FC18F7D52861E29B001B85C5 /* HomeImagesCollectionViewCell.swift */; };
		FC44EB8928224E2700019723 /* FavoriteHomeCollectionViewCell.swift in Sources */ = {isa = PBXBuildFile; fileRef = FC44EB8828224E2700019723 /* FavoriteHomeCollectionViewCell.swift */; };
		FC45E8D3286445CD0016F668 /* SignUpInfo.swift in Sources */ = {isa = PBXBuildFile; fileRef = FC45E8D2286445CD0016F668 /* SignUpInfo.swift */; };
		FC4618D3285E195700703FCB /* AddNewHomeViewController.swift in Sources */ = {isa = PBXBuildFile; fileRef = FC4618D2285E195700703FCB /* AddNewHomeViewController.swift */; };
		FC610F382844402F00A0BD95 /* TabBarViewController.swift in Sources */ = {isa = PBXBuildFile; fileRef = FC610F372844402F00A0BD95 /* TabBarViewController.swift */; };
		FC69CC812869ED3B0083DC63 /* AddNewItemViewModel.swift in Sources */ = {isa = PBXBuildFile; fileRef = FC69CC802869ED3B0083DC63 /* AddNewItemViewModel.swift */; };
		FC6A895E28698DDD007CABC3 /* CategoryDetailsViewController.swift in Sources */ = {isa = PBXBuildFile; fileRef = FC6A895D28698DDD007CABC3 /* CategoryDetailsViewController.swift */; };
		FC6A896028698E7A007CABC3 /* CategoryDetailsCollectionViewCell.swift in Sources */ = {isa = PBXBuildFile; fileRef = FC6A895F28698E7A007CABC3 /* CategoryDetailsCollectionViewCell.swift */; };
		FC8380DC2867C7C60028E5C6 /* ConvertImageType.swift in Sources */ = {isa = PBXBuildFile; fileRef = FC8380DB2867C7C60028E5C6 /* ConvertImageType.swift */; };
		FC87530C285E054400AF4197 /* CheckYourEmailViewController.swift in Sources */ = {isa = PBXBuildFile; fileRef = FC87530B285E054400AF4197 /* CheckYourEmailViewController.swift */; };
		FC908C6228653D3200939C3E /* Model.swift in Sources */ = {isa = PBXBuildFile; fileRef = FC908C6128653D3200939C3E /* Model.swift */; };
		FC9C2A6B28688C1100CEA8D4 /* AddUserImg.swift in Sources */ = {isa = PBXBuildFile; fileRef = FC9C2A6A28688C1100CEA8D4 /* AddUserImg.swift */; };
		FC9C2A6D28688C6500CEA8D4 /* UserImg.swift in Sources */ = {isa = PBXBuildFile; fileRef = FC9C2A6C28688C6500CEA8D4 /* UserImg.swift */; };
		FCA51832281183100045A28C /* SingleHomeCollectionViewCell.swift in Sources */ = {isa = PBXBuildFile; fileRef = FCA51831281183100045A28C /* SingleHomeCollectionViewCell.swift */; };
		FCA74582285F37CA0006D499 /* ProfileViewController.swift in Sources */ = {isa = PBXBuildFile; fileRef = FCA74581285F37CA0006D499 /* ProfileViewController.swift */; };
		FCA892C5285B90BA004A4E6D /* NearbyYourLocationViewController.swift in Sources */ = {isa = PBXBuildFile; fileRef = FCA892C4285B90BA004A4E6D /* NearbyYourLocationViewController.swift */; };
		FCA892C7285B9269004A4E6D /* NearbyYourLocationCollectionViewCell.swift in Sources */ = {isa = PBXBuildFile; fileRef = FCA892C6285B9269004A4E6D /* NearbyYourLocationCollectionViewCell.swift */; };
		FCAA4F4628451878006C9069 /* AddNewItem.swift in Sources */ = {isa = PBXBuildFile; fileRef = FCAA4F4528451878006C9069 /* AddNewItem.swift */; };
		FCB1AD6727F481A600EBCABC /* HomeCollectionViewCell.swift in Sources */ = {isa = PBXBuildFile; fileRef = FCB1AD6627F481A600EBCABC /* HomeCollectionViewCell.swift */; };
		FCB55AF7286C1DE10008569C /* FavoriteServiceManager.swift in Sources */ = {isa = PBXBuildFile; fileRef = FCB55AF6286C1DE10008569C /* FavoriteServiceManager.swift */; };
		FCB55AF9286C28090008569C /* FavoriteModel.swift in Sources */ = {isa = PBXBuildFile; fileRef = FCB55AF8286C28090008569C /* FavoriteModel.swift */; };
		FCB7B09728630C55009BA034 /* AuthServiceManager.swift in Sources */ = {isa = PBXBuildFile; fileRef = FCB7B09628630C55009BA034 /* AuthServiceManager.swift */; };
		FCB7B0992863158C009BA034 /* LoginInfo.swift in Sources */ = {isa = PBXBuildFile; fileRef = FCB7B0982863158C009BA034 /* LoginInfo.swift */; };
		FCBB06392867105D004C6A45 /* ComingHomeDataServiceManager.swift in Sources */ = {isa = PBXBuildFile; fileRef = FCBB06382867105D004C6A45 /* ComingHomeDataServiceManager.swift */; };
		FCC28C53286B51CF003E7B52 /* TargetType.swift in Sources */ = {isa = PBXBuildFile; fileRef = FCC28C52286B51CF003E7B52 /* TargetType.swift */; };
		FCC28C55286B51EF003E7B52 /* BaseAPI.swift in Sources */ = {isa = PBXBuildFile; fileRef = FCC28C54286B51EF003E7B52 /* BaseAPI.swift */; };
		FCC28C58286B5351003E7B52 /* AddNewUnitNetworking.swift in Sources */ = {isa = PBXBuildFile; fileRef = FCC28C57286B5351003E7B52 /* AddNewUnitNetworking.swift */; };
		FCC28C5A286B5642003E7B52 /* AddNewUnitRequest.swift in Sources */ = {isa = PBXBuildFile; fileRef = FCC28C59286B5642003E7B52 /* AddNewUnitRequest.swift */; };
		FCC28C5C286B5D7D003E7B52 /* AddNewItemResponseModel.swift in Sources */ = {isa = PBXBuildFile; fileRef = FCC28C5B286B5D7D003E7B52 /* AddNewItemResponseModel.swift */; };
		FCEA6DE12818C59900BD1E77 /* UIView+Extensions.swift in Sources */ = {isa = PBXBuildFile; fileRef = FCEA6DE02818C59900BD1E77 /* UIView+Extensions.swift */; };
		FCEE870327DDFEF0005B5B70 /* AppDelegate.swift in Sources */ = {isa = PBXBuildFile; fileRef = FCEE870227DDFEF0005B5B70 /* AppDelegate.swift */; };
		FCEE870527DDFEF0005B5B70 /* SceneDelegate.swift in Sources */ = {isa = PBXBuildFile; fileRef = FCEE870427DDFEF0005B5B70 /* SceneDelegate.swift */; };
		FCEE870A27DDFEF0005B5B70 /* Main.storyboard in Resources */ = {isa = PBXBuildFile; fileRef = FCEE870827DDFEF0005B5B70 /* Main.storyboard */; };
		FCEE870D27DDFEF0005B5B70 /* Habitation.xcdatamodeld in Sources */ = {isa = PBXBuildFile; fileRef = FCEE870B27DDFEF0005B5B70 /* Habitation.xcdatamodeld */; };
		FCEE870F27DDFEF2005B5B70 /* Assets.xcassets in Resources */ = {isa = PBXBuildFile; fileRef = FCEE870E27DDFEF2005B5B70 /* Assets.xcassets */; };
		FCEE871227DDFEF2005B5B70 /* LaunchScreen.storyboard in Resources */ = {isa = PBXBuildFile; fileRef = FCEE871027DDFEF2005B5B70 /* LaunchScreen.storyboard */; };
		FCEE871D27DDFEF2005B5B70 /* HabitationTests.swift in Sources */ = {isa = PBXBuildFile; fileRef = FCEE871C27DDFEF2005B5B70 /* HabitationTests.swift */; };
		FCEE872727DDFEF2005B5B70 /* HabitationUITests.swift in Sources */ = {isa = PBXBuildFile; fileRef = FCEE872627DDFEF2005B5B70 /* HabitationUITests.swift */; };
		FCEE872927DDFEF2005B5B70 /* HabitationUITestsLaunchTests.swift in Sources */ = {isa = PBXBuildFile; fileRef = FCEE872827DDFEF2005B5B70 /* HabitationUITestsLaunchTests.swift */; };
		FCEE873E27DE0818005B5B70 /* HomePageViewController.swift in Sources */ = {isa = PBXBuildFile; fileRef = FCEE873D27DE0818005B5B70 /* HomePageViewController.swift */; };
		FCEE874227DE2228005B5B70 /* LoginViewController.swift in Sources */ = {isa = PBXBuildFile; fileRef = FCEE874127DE2228005B5B70 /* LoginViewController.swift */; };
		FCEE874427DE5CC9005B5B70 /* SignUpViewController.swift in Sources */ = {isa = PBXBuildFile; fileRef = FCEE874327DE5CC9005B5B70 /* SignUpViewController.swift */; };
		FCEE874627DE6DCF005B5B70 /* ForgotPasswordViewController.swift in Sources */ = {isa = PBXBuildFile; fileRef = FCEE874527DE6DCF005B5B70 /* ForgotPasswordViewController.swift */; };
		FCEF5FAB286AC60100A01B58 /* HomesComingData.swift in Sources */ = {isa = PBXBuildFile; fileRef = FCEF5FAA286AC60100A01B58 /* HomesComingData.swift */; };
		FCF905AD286B06FE007DD696 /* DetailsViewController.swift in Sources */ = {isa = PBXBuildFile; fileRef = FCF905AC286B06FE007DD696 /* DetailsViewController.swift */; };
		FCF905AF286B0AF6007DD696 /* ImagesCollectionViewCell.swift in Sources */ = {isa = PBXBuildFile; fileRef = FCF905AE286B0AF6007DD696 /* ImagesCollectionViewCell.swift */; };
		FCF9D4E527F2743B00CCE0B9 /* CategoryCollectionViewCell.swift in Sources */ = {isa = PBXBuildFile; fileRef = FCF9D4E427F2743B00CCE0B9 /* CategoryCollectionViewCell.swift */; };
		FCF9D4E727F2757500CCE0B9 /* Categories.swift in Sources */ = {isa = PBXBuildFile; fileRef = FCF9D4E627F2757500CCE0B9 /* Categories.swift */; };
/* End PBXBuildFile section */

/* Begin PBXContainerItemProxy section */
		FCEE871927DDFEF2005B5B70 /* PBXContainerItemProxy */ = {
			isa = PBXContainerItemProxy;
			containerPortal = FCEE86F727DDFEF0005B5B70 /* Project object */;
			proxyType = 1;
			remoteGlobalIDString = FCEE86FE27DDFEF0005B5B70;
			remoteInfo = Habitation;
		};
		FCEE872327DDFEF2005B5B70 /* PBXContainerItemProxy */ = {
			isa = PBXContainerItemProxy;
			containerPortal = FCEE86F727DDFEF0005B5B70 /* Project object */;
			proxyType = 1;
			remoteGlobalIDString = FCEE86FE27DDFEF0005B5B70;
			remoteInfo = Habitation;
		};
/* End PBXContainerItemProxy section */

/* Begin PBXFileReference section */
		450F0539A7FB58D59380DF4E /* Pods_Habitation.framework */ = {isa = PBXFileReference; explicitFileType = wrapper.framework; includeInIndex = 0; path = Pods_Habitation.framework; sourceTree = BUILT_PRODUCTS_DIR; };
		891890C69BE026EA38CD235F /* Pods-Habitation.debug.xcconfig */ = {isa = PBXFileReference; includeInIndex = 1; lastKnownFileType = text.xcconfig; name = "Pods-Habitation.debug.xcconfig"; path = "Target Support Files/Pods-Habitation/Pods-Habitation.debug.xcconfig"; sourceTree = "<group>"; };
		B5F374CB0C5D54B1AE1BAFD6 /* Pods-Habitation.release.xcconfig */ = {isa = PBXFileReference; includeInIndex = 1; lastKnownFileType = text.xcconfig; name = "Pods-Habitation.release.xcconfig"; path = "Target Support Files/Pods-Habitation/Pods-Habitation.release.xcconfig"; sourceTree = "<group>"; };
		FC06D0D927E5251500E65142 /* HomeViewController.swift */ = {isa = PBXFileReference; lastKnownFileType = sourcecode.swift; path = HomeViewController.swift; sourceTree = "<group>"; };
		FC06D0DB27E5255E00E65142 /* CategoriesViewController.swift */ = {isa = PBXFileReference; lastKnownFileType = sourcecode.swift; path = CategoriesViewController.swift; sourceTree = "<group>"; };
		FC06D0DD27E5259000E65142 /* FavoritesViewController.swift */ = {isa = PBXFileReference; lastKnownFileType = sourcecode.swift; path = FavoritesViewController.swift; sourceTree = "<group>"; };
		FC06D0DF27E525A800E65142 /* SettingsViewController.swift */ = {isa = PBXFileReference; lastKnownFileType = sourcecode.swift; path = SettingsViewController.swift; sourceTree = "<group>"; };
		FC18F7D12861B499001B85C5 /* HomeDetailsViewController.swift */ = {isa = PBXFileReference; lastKnownFileType = sourcecode.swift; path = HomeDetailsViewController.swift; sourceTree = "<group>"; };
		FC18F7D32861DDDB001B85C5 /* AllDetailsTableViewCell.swift */ = {isa = PBXFileReference; lastKnownFileType = sourcecode.swift; path = AllDetailsTableViewCell.swift; sourceTree = "<group>"; };
		FC18F7D52861E29B001B85C5 /* HomeImagesCollectionViewCell.swift */ = {isa = PBXFileReference; lastKnownFileType = sourcecode.swift; path = HomeImagesCollectionViewCell.swift; sourceTree = "<group>"; };
		FC44EB8828224E2700019723 /* FavoriteHomeCollectionViewCell.swift */ = {isa = PBXFileReference; lastKnownFileType = sourcecode.swift; path = FavoriteHomeCollectionViewCell.swift; sourceTree = "<group>"; };
		FC45E8D2286445CD0016F668 /* SignUpInfo.swift */ = {isa = PBXFileReference; lastKnownFileType = sourcecode.swift; path = SignUpInfo.swift; sourceTree = "<group>"; };
		FC4618D2285E195700703FCB /* AddNewHomeViewController.swift */ = {isa = PBXFileReference; lastKnownFileType = sourcecode.swift; path = AddNewHomeViewController.swift; sourceTree = "<group>"; };
		FC610F372844402F00A0BD95 /* TabBarViewController.swift */ = {isa = PBXFileReference; lastKnownFileType = sourcecode.swift; path = TabBarViewController.swift; sourceTree = "<group>"; };
		FC69CC802869ED3B0083DC63 /* AddNewItemViewModel.swift */ = {isa = PBXFileReference; lastKnownFileType = sourcecode.swift; path = AddNewItemViewModel.swift; sourceTree = "<group>"; };
		FC6A895D28698DDD007CABC3 /* CategoryDetailsViewController.swift */ = {isa = PBXFileReference; lastKnownFileType = sourcecode.swift; path = CategoryDetailsViewController.swift; sourceTree = "<group>"; };
		FC6A895F28698E7A007CABC3 /* CategoryDetailsCollectionViewCell.swift */ = {isa = PBXFileReference; lastKnownFileType = sourcecode.swift; path = CategoryDetailsCollectionViewCell.swift; sourceTree = "<group>"; };
		FC8380DB2867C7C60028E5C6 /* ConvertImageType.swift */ = {isa = PBXFileReference; lastKnownFileType = sourcecode.swift; path = ConvertImageType.swift; sourceTree = "<group>"; };
		FC87530B285E054400AF4197 /* CheckYourEmailViewController.swift */ = {isa = PBXFileReference; lastKnownFileType = sourcecode.swift; path = CheckYourEmailViewController.swift; sourceTree = "<group>"; };
		FC908C6128653D3200939C3E /* Model.swift */ = {isa = PBXFileReference; lastKnownFileType = sourcecode.swift; path = Model.swift; sourceTree = "<group>"; };
		FC9C2A6A28688C1100CEA8D4 /* AddUserImg.swift */ = {isa = PBXFileReference; lastKnownFileType = sourcecode.swift; path = AddUserImg.swift; sourceTree = "<group>"; };
		FC9C2A6C28688C6500CEA8D4 /* UserImg.swift */ = {isa = PBXFileReference; lastKnownFileType = sourcecode.swift; path = UserImg.swift; sourceTree = "<group>"; };
		FCA51831281183100045A28C /* SingleHomeCollectionViewCell.swift */ = {isa = PBXFileReference; lastKnownFileType = sourcecode.swift; path = SingleHomeCollectionViewCell.swift; sourceTree = "<group>"; };
		FCA74581285F37CA0006D499 /* ProfileViewController.swift */ = {isa = PBXFileReference; lastKnownFileType = sourcecode.swift; path = ProfileViewController.swift; sourceTree = "<group>"; };
		FCA892C4285B90BA004A4E6D /* NearbyYourLocationViewController.swift */ = {isa = PBXFileReference; lastKnownFileType = sourcecode.swift; path = NearbyYourLocationViewController.swift; sourceTree = "<group>"; };
		FCA892C6285B9269004A4E6D /* NearbyYourLocationCollectionViewCell.swift */ = {isa = PBXFileReference; lastKnownFileType = sourcecode.swift; path = NearbyYourLocationCollectionViewCell.swift; sourceTree = "<group>"; };
		FCAA4F4528451878006C9069 /* AddNewItem.swift */ = {isa = PBXFileReference; lastKnownFileType = sourcecode.swift; path = AddNewItem.swift; sourceTree = "<group>"; };
		FCB1AD6627F481A600EBCABC /* HomeCollectionViewCell.swift */ = {isa = PBXFileReference; lastKnownFileType = sourcecode.swift; path = HomeCollectionViewCell.swift; sourceTree = "<group>"; };
		FCB55AF6286C1DE10008569C /* FavoriteServiceManager.swift */ = {isa = PBXFileReference; lastKnownFileType = sourcecode.swift; path = FavoriteServiceManager.swift; sourceTree = "<group>"; };
		FCB55AF8286C28090008569C /* FavoriteModel.swift */ = {isa = PBXFileReference; lastKnownFileType = sourcecode.swift; path = FavoriteModel.swift; sourceTree = "<group>"; };
		FCB7B09628630C55009BA034 /* AuthServiceManager.swift */ = {isa = PBXFileReference; lastKnownFileType = sourcecode.swift; path = AuthServiceManager.swift; sourceTree = "<group>"; };
		FCB7B0982863158C009BA034 /* LoginInfo.swift */ = {isa = PBXFileReference; lastKnownFileType = sourcecode.swift; path = LoginInfo.swift; sourceTree = "<group>"; };
		FCBB06382867105D004C6A45 /* ComingHomeDataServiceManager.swift */ = {isa = PBXFileReference; lastKnownFileType = sourcecode.swift; path = ComingHomeDataServiceManager.swift; sourceTree = "<group>"; };
		FCC28C52286B51CF003E7B52 /* TargetType.swift */ = {isa = PBXFileReference; lastKnownFileType = sourcecode.swift; path = TargetType.swift; sourceTree = "<group>"; };
		FCC28C54286B51EF003E7B52 /* BaseAPI.swift */ = {isa = PBXFileReference; lastKnownFileType = sourcecode.swift; path = BaseAPI.swift; sourceTree = "<group>"; };
		FCC28C57286B5351003E7B52 /* AddNewUnitNetworking.swift */ = {isa = PBXFileReference; lastKnownFileType = sourcecode.swift; path = AddNewUnitNetworking.swift; sourceTree = "<group>"; };
		FCC28C59286B5642003E7B52 /* AddNewUnitRequest.swift */ = {isa = PBXFileReference; lastKnownFileType = sourcecode.swift; path = AddNewUnitRequest.swift; sourceTree = "<group>"; };
		FCC28C5B286B5D7D003E7B52 /* AddNewItemResponseModel.swift */ = {isa = PBXFileReference; lastKnownFileType = sourcecode.swift; path = AddNewItemResponseModel.swift; sourceTree = "<group>"; };
		FCEA6DE02818C59900BD1E77 /* UIView+Extensions.swift */ = {isa = PBXFileReference; lastKnownFileType = sourcecode.swift; path = "UIView+Extensions.swift"; sourceTree = "<group>"; };
		FCEE86FF27DDFEF0005B5B70 /* Habitation.app */ = {isa = PBXFileReference; explicitFileType = wrapper.application; includeInIndex = 0; path = Habitation.app; sourceTree = BUILT_PRODUCTS_DIR; };
		FCEE870227DDFEF0005B5B70 /* AppDelegate.swift */ = {isa = PBXFileReference; lastKnownFileType = sourcecode.swift; path = AppDelegate.swift; sourceTree = "<group>"; };
		FCEE870427DDFEF0005B5B70 /* SceneDelegate.swift */ = {isa = PBXFileReference; lastKnownFileType = sourcecode.swift; path = SceneDelegate.swift; sourceTree = "<group>"; };
		FCEE870927DDFEF0005B5B70 /* Base */ = {isa = PBXFileReference; lastKnownFileType = file.storyboard; name = Base; path = Base.lproj/Main.storyboard; sourceTree = "<group>"; };
		FCEE870C27DDFEF0005B5B70 /* Habitation.xcdatamodel */ = {isa = PBXFileReference; lastKnownFileType = wrapper.xcdatamodel; path = Habitation.xcdatamodel; sourceTree = "<group>"; };
		FCEE870E27DDFEF2005B5B70 /* Assets.xcassets */ = {isa = PBXFileReference; lastKnownFileType = folder.assetcatalog; path = Assets.xcassets; sourceTree = "<group>"; };
		FCEE871127DDFEF2005B5B70 /* Base */ = {isa = PBXFileReference; lastKnownFileType = file.storyboard; name = Base; path = Base.lproj/LaunchScreen.storyboard; sourceTree = "<group>"; };
		FCEE871327DDFEF2005B5B70 /* Info.plist */ = {isa = PBXFileReference; lastKnownFileType = text.plist.xml; path = Info.plist; sourceTree = "<group>"; };
		FCEE871827DDFEF2005B5B70 /* HabitationTests.xctest */ = {isa = PBXFileReference; explicitFileType = wrapper.cfbundle; includeInIndex = 0; path = HabitationTests.xctest; sourceTree = BUILT_PRODUCTS_DIR; };
		FCEE871C27DDFEF2005B5B70 /* HabitationTests.swift */ = {isa = PBXFileReference; lastKnownFileType = sourcecode.swift; path = HabitationTests.swift; sourceTree = "<group>"; };
		FCEE872227DDFEF2005B5B70 /* HabitationUITests.xctest */ = {isa = PBXFileReference; explicitFileType = wrapper.cfbundle; includeInIndex = 0; path = HabitationUITests.xctest; sourceTree = BUILT_PRODUCTS_DIR; };
		FCEE872627DDFEF2005B5B70 /* HabitationUITests.swift */ = {isa = PBXFileReference; lastKnownFileType = sourcecode.swift; path = HabitationUITests.swift; sourceTree = "<group>"; };
		FCEE872827DDFEF2005B5B70 /* HabitationUITestsLaunchTests.swift */ = {isa = PBXFileReference; lastKnownFileType = sourcecode.swift; path = HabitationUITestsLaunchTests.swift; sourceTree = "<group>"; };
		FCEE873D27DE0818005B5B70 /* HomePageViewController.swift */ = {isa = PBXFileReference; lastKnownFileType = sourcecode.swift; path = HomePageViewController.swift; sourceTree = "<group>"; };
		FCEE874127DE2228005B5B70 /* LoginViewController.swift */ = {isa = PBXFileReference; lastKnownFileType = sourcecode.swift; path = LoginViewController.swift; sourceTree = "<group>"; };
		FCEE874327DE5CC9005B5B70 /* SignUpViewController.swift */ = {isa = PBXFileReference; lastKnownFileType = sourcecode.swift; path = SignUpViewController.swift; sourceTree = "<group>"; };
		FCEE874527DE6DCF005B5B70 /* ForgotPasswordViewController.swift */ = {isa = PBXFileReference; lastKnownFileType = sourcecode.swift; path = ForgotPasswordViewController.swift; sourceTree = "<group>"; };
		FCEF5FAA286AC60100A01B58 /* HomesComingData.swift */ = {isa = PBXFileReference; lastKnownFileType = sourcecode.swift; path = HomesComingData.swift; sourceTree = "<group>"; };
		FCF905AC286B06FE007DD696 /* DetailsViewController.swift */ = {isa = PBXFileReference; lastKnownFileType = sourcecode.swift; path = DetailsViewController.swift; sourceTree = "<group>"; };
		FCF905AE286B0AF6007DD696 /* ImagesCollectionViewCell.swift */ = {isa = PBXFileReference; lastKnownFileType = sourcecode.swift; path = ImagesCollectionViewCell.swift; sourceTree = "<group>"; };
		FCF9D4E427F2743B00CCE0B9 /* CategoryCollectionViewCell.swift */ = {isa = PBXFileReference; lastKnownFileType = sourcecode.swift; path = CategoryCollectionViewCell.swift; sourceTree = "<group>"; };
		FCF9D4E627F2757500CCE0B9 /* Categories.swift */ = {isa = PBXFileReference; lastKnownFileType = sourcecode.swift; path = Categories.swift; sourceTree = "<group>"; };
/* End PBXFileReference section */

/* Begin PBXFrameworksBuildPhase section */
		FCEE86FC27DDFEF0005B5B70 /* Frameworks */ = {
			isa = PBXFrameworksBuildPhase;
			buildActionMask = 2147483647;
			files = (
				4412F82A3A045BD38A4643C7 /* Pods_Habitation.framework in Frameworks */,
			);
			runOnlyForDeploymentPostprocessing = 0;
		};
		FCEE871527DDFEF2005B5B70 /* Frameworks */ = {
			isa = PBXFrameworksBuildPhase;
			buildActionMask = 2147483647;
			files = (
			);
			runOnlyForDeploymentPostprocessing = 0;
		};
		FCEE871F27DDFEF2005B5B70 /* Frameworks */ = {
			isa = PBXFrameworksBuildPhase;
			buildActionMask = 2147483647;
			files = (
			);
			runOnlyForDeploymentPostprocessing = 0;
		};
/* End PBXFrameworksBuildPhase section */

/* Begin PBXGroup section */
		145907F28E4643733C8FA397 /* Frameworks */ = {
			isa = PBXGroup;
			children = (
				450F0539A7FB58D59380DF4E /* Pods_Habitation.framework */,
			);
			name = Frameworks;
			sourceTree = "<group>";
		};
		F477F42F8301A35AB38B1572 /* Pods */ = {
			isa = PBXGroup;
			children = (
				891890C69BE026EA38CD235F /* Pods-Habitation.debug.xcconfig */,
				B5F374CB0C5D54B1AE1BAFD6 /* Pods-Habitation.release.xcconfig */,
			);
			path = Pods;
			sourceTree = "<group>";
		};
		FC18F7D02861B482001B85C5 /* HomeDetails */ = {
			isa = PBXGroup;
			children = (
				FC18F7D12861B499001B85C5 /* HomeDetailsViewController.swift */,
				FC18F7D32861DDDB001B85C5 /* AllDetailsTableViewCell.swift */,
				FC18F7D52861E29B001B85C5 /* HomeImagesCollectionViewCell.swift */,
			);
			path = HomeDetails;
			sourceTree = "<group>";
		};
		FC29BAC9282226770017425C /* SettingsScreen */ = {
			isa = PBXGroup;
			children = (
				FC06D0DF27E525A800E65142 /* SettingsViewController.swift */,
			);
			path = SettingsScreen;
			sourceTree = "<group>";
		};
		FC44EB87282246E100019723 /* FavoritesScreen */ = {
			isa = PBXGroup;
			children = (
				FC06D0DD27E5259000E65142 /* FavoritesViewController.swift */,
				FC44EB8828224E2700019723 /* FavoriteHomeCollectionViewCell.swift */,
			);
			path = FavoritesScreen;
			sourceTree = "<group>";
		};
		FC4618D1285E191C00703FCB /* AddNewHomeScreen */ = {
			isa = PBXGroup;
			children = (
				FC4618D2285E195700703FCB /* AddNewHomeViewController.swift */,
			);
			path = AddNewHomeScreen;
			sourceTree = "<group>";
		};
		FC610F362844400D00A0BD95 /* TabBar */ = {
			isa = PBXGroup;
			children = (
				FC610F372844402F00A0BD95 /* TabBarViewController.swift */,
			);
			path = TabBar;
			sourceTree = "<group>";
		};
		FC610F392844411300A0BD95 /* PrimaryScreens */ = {
			isa = PBXGroup;
			children = (
				FCEE873D27DE0818005B5B70 /* HomePageViewController.swift */,
				FCEE874327DE5CC9005B5B70 /* SignUpViewController.swift */,
				FCEE874127DE2228005B5B70 /* LoginViewController.swift */,
				FCEE874527DE6DCF005B5B70 /* ForgotPasswordViewController.swift */,
				FC87530B285E054400AF4197 /* CheckYourEmailViewController.swift */,
			);
			path = PrimaryScreens;
			sourceTree = "<group>";
		};
		FC6A895C28698D9C007CABC3 /* CategoryDetails */ = {
			isa = PBXGroup;
			children = (
				FC6A895D28698DDD007CABC3 /* CategoryDetailsViewController.swift */,
				FC6A895F28698E7A007CABC3 /* CategoryDetailsCollectionViewCell.swift */,
			);
			path = CategoryDetails;
			sourceTree = "<group>";
		};
		FCA74580285F37B30006D499 /* ProfileScreen */ = {
			isa = PBXGroup;
			children = (
				FCA74581285F37CA0006D499 /* ProfileViewController.swift */,
			);
			path = ProfileScreen;
			sourceTree = "<group>";
		};
		FCA892C3285B900D004A4E6D /* NearbyYourLocationScreen */ = {
			isa = PBXGroup;
			children = (
				FCA892C4285B90BA004A4E6D /* NearbyYourLocationViewController.swift */,
				FCA892C6285B9269004A4E6D /* NearbyYourLocationCollectionViewCell.swift */,
			);
			path = NearbyYourLocationScreen;
			sourceTree = "<group>";
		};
		FCB1AD6527F4816A00EBCABC /* HomeScreen */ = {
			isa = PBXGroup;
			children = (
				FC06D0D927E5251500E65142 /* HomeViewController.swift */,
				FCB1AD6627F481A600EBCABC /* HomeCollectionViewCell.swift */,
				FCA51831281183100045A28C /* SingleHomeCollectionViewCell.swift */,
			);
			path = HomeScreen;
			sourceTree = "<group>";
		};
		FCC28C51286B51B7003E7B52 /* Base */ = {
			isa = PBXGroup;
			children = (
				FCC28C52286B51CF003E7B52 /* TargetType.swift */,
				FCC28C54286B51EF003E7B52 /* BaseAPI.swift */,
			);
			path = Base;
			sourceTree = "<group>";
		};
		FCC28C56286B5329003E7B52 /* Requests */ = {
			isa = PBXGroup;
			children = (
				FCC28C57286B5351003E7B52 /* AddNewUnitNetworking.swift */,
				FCC28C59286B5642003E7B52 /* AddNewUnitRequest.swift */,
			);
			path = Requests;
			sourceTree = "<group>";
		};
		FCEE86F627DDFEF0005B5B70 = {
			isa = PBXGroup;
			children = (
				FCEE870127DDFEF0005B5B70 /* Habitation */,
				FCEE871B27DDFEF2005B5B70 /* HabitationTests */,
				FCEE872527DDFEF2005B5B70 /* HabitationUITests */,
				FCEE870027DDFEF0005B5B70 /* Products */,
				F477F42F8301A35AB38B1572 /* Pods */,
				145907F28E4643733C8FA397 /* Frameworks */,
			);
			sourceTree = "<group>";
		};
		FCEE870027DDFEF0005B5B70 /* Products */ = {
			isa = PBXGroup;
			children = (
				FCEE86FF27DDFEF0005B5B70 /* Habitation.app */,
				FCEE871827DDFEF2005B5B70 /* HabitationTests.xctest */,
				FCEE872227DDFEF2005B5B70 /* HabitationUITests.xctest */,
			);
			name = Products;
			sourceTree = "<group>";
		};
		FCEE870127DDFEF0005B5B70 /* Habitation */ = {
			isa = PBXGroup;
			children = (
				FCEE873827DDFF3D005B5B70 /* Protocols */,
				FCEE873727DDFF12005B5B70 /* Model */,
				FCEE873627DDFF08005B5B70 /* View Controller */,
				FCEE873527DDFF01005B5B70 /* View */,
				FCEE870227DDFEF0005B5B70 /* AppDelegate.swift */,
				FCEE870427DDFEF0005B5B70 /* SceneDelegate.swift */,
				FCEE870E27DDFEF2005B5B70 /* Assets.xcassets */,
				FCEE871027DDFEF2005B5B70 /* LaunchScreen.storyboard */,
				FCEE871327DDFEF2005B5B70 /* Info.plist */,
				FCEE870B27DDFEF0005B5B70 /* Habitation.xcdatamodeld */,
			);
			path = Habitation;
			sourceTree = "<group>";
		};
		FCEE871B27DDFEF2005B5B70 /* HabitationTests */ = {
			isa = PBXGroup;
			children = (
				FCEE871C27DDFEF2005B5B70 /* HabitationTests.swift */,
			);
			path = HabitationTests;
			sourceTree = "<group>";
		};
		FCEE872527DDFEF2005B5B70 /* HabitationUITests */ = {
			isa = PBXGroup;
			children = (
				FCEE872627DDFEF2005B5B70 /* HabitationUITests.swift */,
				FCEE872827DDFEF2005B5B70 /* HabitationUITestsLaunchTests.swift */,
			);
			path = HabitationUITests;
			sourceTree = "<group>";
		};
		FCEE873527DDFF01005B5B70 /* View */ = {
			isa = PBXGroup;
			children = (
				FCEE870827DDFEF0005B5B70 /* Main.storyboard */,
			);
			path = View;
			sourceTree = "<group>";
		};
		FCEE873627DDFF08005B5B70 /* View Controller */ = {
			isa = PBXGroup;
			children = (
				FC610F362844400D00A0BD95 /* TabBar */,
				FC610F392844411300A0BD95 /* PrimaryScreens */,
				FCB1AD6527F4816A00EBCABC /* HomeScreen */,
				FC6A895C28698D9C007CABC3 /* CategoryDetails */,
				FCF905AB286B06DF007DD696 /* Details */,
				FC4618D1285E191C00703FCB /* AddNewHomeScreen */,
				FCA892C3285B900D004A4E6D /* NearbyYourLocationScreen */,
				FCF9D4E127F2738000CCE0B9 /* CategoriesScreen */,
				FC44EB87282246E100019723 /* FavoritesScreen */,
				FC29BAC9282226770017425C /* SettingsScreen */,
				FCA74580285F37B30006D499 /* ProfileScreen */,
				FC18F7D02861B482001B85C5 /* HomeDetails */,
			);
			path = "View Controller";
			sourceTree = "<group>";
		};
		FCEE873727DDFF12005B5B70 /* Model */ = {
			isa = PBXGroup;
			children = (
				FCC28C56286B5329003E7B52 /* Requests */,
				FCC28C51286B51B7003E7B52 /* Base */,
				FCEE873A27DDFF72005B5B70 /* Pojo */,
				FCEE873927DDFF55005B5B70 /* Database Manager */,
			);
			path = Model;
			sourceTree = "<group>";
		};
		FCEE873827DDFF3D005B5B70 /* Protocols */ = {
			isa = PBXGroup;
			children = (
				FCEA6DE02818C59900BD1E77 /* UIView+Extensions.swift */,
				FC8380DB2867C7C60028E5C6 /* ConvertImageType.swift */,
				FC9C2A6A28688C1100CEA8D4 /* AddUserImg.swift */,
			);
			path = Protocols;
			sourceTree = "<group>";
		};
		FCEE873927DDFF55005B5B70 /* Database Manager */ = {
			isa = PBXGroup;
			children = (
				FCEE873B27DDFFB7005B5B70 /* LocalDatabase */,
				FCEE873C27DDFFCD005B5B70 /* RemoteDatabase */,
			);
			path = "Database Manager";
			sourceTree = "<group>";
		};
		FCEE873A27DDFF72005B5B70 /* Pojo */ = {
			isa = PBXGroup;
			children = (
				FC908C6128653D3200939C3E /* Model.swift */,
				FC45E8D2286445CD0016F668 /* SignUpInfo.swift */,
				FCF9D4E627F2757500CCE0B9 /* Categories.swift */,
				FC9C2A6C28688C6500CEA8D4 /* UserImg.swift */,
				FCB7B0982863158C009BA034 /* LoginInfo.swift */,
				FCAA4F4528451878006C9069 /* AddNewItem.swift */,
				FC69CC802869ED3B0083DC63 /* AddNewItemViewModel.swift */,
				FCEF5FAA286AC60100A01B58 /* HomesComingData.swift */,
				FCB55AF8286C28090008569C /* FavoriteModel.swift */,
				FCC28C5B286B5D7D003E7B52 /* AddNewItemResponseModel.swift */,
			);
			path = Pojo;
			sourceTree = "<group>";
		};
		FCEE873B27DDFFB7005B5B70 /* LocalDatabase */ = {
			isa = PBXGroup;
			children = (
				FCB7B09628630C55009BA034 /* AuthServiceManager.swift */,
				FCBB06382867105D004C6A45 /* ComingHomeDataServiceManager.swift */,
				FCB55AF6286C1DE10008569C /* FavoriteServiceManager.swift */,
			);
			path = LocalDatabase;
			sourceTree = "<group>";
		};
		FCEE873C27DDFFCD005B5B70 /* RemoteDatabase */ = {
			isa = PBXGroup;
			children = (
			);
			path = RemoteDatabase;
			sourceTree = "<group>";
		};
		FCF905AB286B06DF007DD696 /* Details */ = {
			isa = PBXGroup;
			children = (
				FCF905AC286B06FE007DD696 /* DetailsViewController.swift */,
				FCF905AE286B0AF6007DD696 /* ImagesCollectionViewCell.swift */,
			);
			path = Details;
			sourceTree = "<group>";
		};
		FCF9D4E127F2738000CCE0B9 /* CategoriesScreen */ = {
			isa = PBXGroup;
			children = (
				FC06D0DB27E5255E00E65142 /* CategoriesViewController.swift */,
				FCF9D4E427F2743B00CCE0B9 /* CategoryCollectionViewCell.swift */,
			);
			path = CategoriesScreen;
			sourceTree = "<group>";
		};
/* End PBXGroup section */

/* Begin PBXNativeTarget section */
		FCEE86FE27DDFEF0005B5B70 /* Habitation */ = {
			isa = PBXNativeTarget;
			buildConfigurationList = FCEE872C27DDFEF2005B5B70 /* Build configuration list for PBXNativeTarget "Habitation" */;
			buildPhases = (
				69BC03DCBB51975EDA80745C /* [CP] Check Pods Manifest.lock */,
				FCEE86FB27DDFEF0005B5B70 /* Sources */,
				FCEE86FC27DDFEF0005B5B70 /* Frameworks */,
				FCEE86FD27DDFEF0005B5B70 /* Resources */,
				5C0AF7DE2522A06DC83A3492 /* [CP] Embed Pods Frameworks */,
			);
			buildRules = (
			);
			dependencies = (
			);
			name = Habitation;
			productName = Habitation;
			productReference = FCEE86FF27DDFEF0005B5B70 /* Habitation.app */;
			productType = "com.apple.product-type.application";
		};
		FCEE871727DDFEF2005B5B70 /* HabitationTests */ = {
			isa = PBXNativeTarget;
			buildConfigurationList = FCEE872F27DDFEF2005B5B70 /* Build configuration list for PBXNativeTarget "HabitationTests" */;
			buildPhases = (
				FCEE871427DDFEF2005B5B70 /* Sources */,
				FCEE871527DDFEF2005B5B70 /* Frameworks */,
				FCEE871627DDFEF2005B5B70 /* Resources */,
			);
			buildRules = (
			);
			dependencies = (
				FCEE871A27DDFEF2005B5B70 /* PBXTargetDependency */,
			);
			name = HabitationTests;
			productName = HabitationTests;
			productReference = FCEE871827DDFEF2005B5B70 /* HabitationTests.xctest */;
			productType = "com.apple.product-type.bundle.unit-test";
		};
		FCEE872127DDFEF2005B5B70 /* HabitationUITests */ = {
			isa = PBXNativeTarget;
			buildConfigurationList = FCEE873227DDFEF2005B5B70 /* Build configuration list for PBXNativeTarget "HabitationUITests" */;
			buildPhases = (
				FCEE871E27DDFEF2005B5B70 /* Sources */,
				FCEE871F27DDFEF2005B5B70 /* Frameworks */,
				FCEE872027DDFEF2005B5B70 /* Resources */,
			);
			buildRules = (
			);
			dependencies = (
				FCEE872427DDFEF2005B5B70 /* PBXTargetDependency */,
			);
			name = HabitationUITests;
			productName = HabitationUITests;
			productReference = FCEE872227DDFEF2005B5B70 /* HabitationUITests.xctest */;
			productType = "com.apple.product-type.bundle.ui-testing";
		};
/* End PBXNativeTarget section */

/* Begin PBXProject section */
		FCEE86F727DDFEF0005B5B70 /* Project object */ = {
			isa = PBXProject;
			attributes = {
				BuildIndependentTargetsInParallel = 1;
				LastSwiftUpdateCheck = 1320;
				LastUpgradeCheck = 1320;
				TargetAttributes = {
					FCEE86FE27DDFEF0005B5B70 = {
						CreatedOnToolsVersion = 13.2.1;
					};
					FCEE871727DDFEF2005B5B70 = {
						CreatedOnToolsVersion = 13.2.1;
						TestTargetID = FCEE86FE27DDFEF0005B5B70;
					};
					FCEE872127DDFEF2005B5B70 = {
						CreatedOnToolsVersion = 13.2.1;
						TestTargetID = FCEE86FE27DDFEF0005B5B70;
					};
				};
			};
			buildConfigurationList = FCEE86FA27DDFEF0005B5B70 /* Build configuration list for PBXProject "Habitation" */;
			compatibilityVersion = "Xcode 13.0";
			developmentRegion = en;
			hasScannedForEncodings = 0;
			knownRegions = (
				en,
				Base,
			);
			mainGroup = FCEE86F627DDFEF0005B5B70;
			productRefGroup = FCEE870027DDFEF0005B5B70 /* Products */;
			projectDirPath = "";
			projectRoot = "";
			targets = (
				FCEE86FE27DDFEF0005B5B70 /* Habitation */,
				FCEE871727DDFEF2005B5B70 /* HabitationTests */,
				FCEE872127DDFEF2005B5B70 /* HabitationUITests */,
			);
		};
/* End PBXProject section */

/* Begin PBXResourcesBuildPhase section */
		FCEE86FD27DDFEF0005B5B70 /* Resources */ = {
			isa = PBXResourcesBuildPhase;
			buildActionMask = 2147483647;
			files = (
				FCEE871227DDFEF2005B5B70 /* LaunchScreen.storyboard in Resources */,
				FCEE870F27DDFEF2005B5B70 /* Assets.xcassets in Resources */,
				FCEE870A27DDFEF0005B5B70 /* Main.storyboard in Resources */,
			);
			runOnlyForDeploymentPostprocessing = 0;
		};
		FCEE871627DDFEF2005B5B70 /* Resources */ = {
			isa = PBXResourcesBuildPhase;
			buildActionMask = 2147483647;
			files = (
			);
			runOnlyForDeploymentPostprocessing = 0;
		};
		FCEE872027DDFEF2005B5B70 /* Resources */ = {
			isa = PBXResourcesBuildPhase;
			buildActionMask = 2147483647;
			files = (
			);
			runOnlyForDeploymentPostprocessing = 0;
		};
/* End PBXResourcesBuildPhase section */

/* Begin PBXShellScriptBuildPhase section */
		5C0AF7DE2522A06DC83A3492 /* [CP] Embed Pods Frameworks */ = {
			isa = PBXShellScriptBuildPhase;
			buildActionMask = 2147483647;
			files = (
			);
			inputFileListPaths = (
				"${PODS_ROOT}/Target Support Files/Pods-Habitation/Pods-Habitation-frameworks-${CONFIGURATION}-input-files.xcfilelist",
			);
			name = "[CP] Embed Pods Frameworks";
			outputFileListPaths = (
				"${PODS_ROOT}/Target Support Files/Pods-Habitation/Pods-Habitation-frameworks-${CONFIGURATION}-output-files.xcfilelist",
			);
			runOnlyForDeploymentPostprocessing = 0;
			shellPath = /bin/sh;
			shellScript = "\"${PODS_ROOT}/Target Support Files/Pods-Habitation/Pods-Habitation-frameworks.sh\"\n";
			showEnvVarsInLog = 0;
		};
		69BC03DCBB51975EDA80745C /* [CP] Check Pods Manifest.lock */ = {
			isa = PBXShellScriptBuildPhase;
			buildActionMask = 2147483647;
			files = (
			);
			inputFileListPaths = (
			);
			inputPaths = (
				"${PODS_PODFILE_DIR_PATH}/Podfile.lock",
				"${PODS_ROOT}/Manifest.lock",
			);
			name = "[CP] Check Pods Manifest.lock";
			outputFileListPaths = (
			);
			outputPaths = (
				"$(DERIVED_FILE_DIR)/Pods-Habitation-checkManifestLockResult.txt",
			);
			runOnlyForDeploymentPostprocessing = 0;
			shellPath = /bin/sh;
			shellScript = "diff \"${PODS_PODFILE_DIR_PATH}/Podfile.lock\" \"${PODS_ROOT}/Manifest.lock\" > /dev/null\nif [ $? != 0 ] ; then\n    # print error to STDERR\n    echo \"error: The sandbox is not in sync with the Podfile.lock. Run 'pod install' or update your CocoaPods installation.\" >&2\n    exit 1\nfi\n# This output is used by Xcode 'outputs' to avoid re-running this script phase.\necho \"SUCCESS\" > \"${SCRIPT_OUTPUT_FILE_0}\"\n";
			showEnvVarsInLog = 0;
		};
/* End PBXShellScriptBuildPhase section */

/* Begin PBXSourcesBuildPhase section */
		FCEE86FB27DDFEF0005B5B70 /* Sources */ = {
			isa = PBXSourcesBuildPhase;
			buildActionMask = 2147483647;
			files = (
				FCEE874627DE6DCF005B5B70 /* ForgotPasswordViewController.swift in Sources */,
				FCEF5FAB286AC60100A01B58 /* HomesComingData.swift in Sources */,
				FC87530C285E054400AF4197 /* CheckYourEmailViewController.swift in Sources */,
				FC69CC812869ED3B0083DC63 /* AddNewItemViewModel.swift in Sources */,
				FCC28C5A286B5642003E7B52 /* AddNewUnitRequest.swift in Sources */,
				FCEE874227DE2228005B5B70 /* LoginViewController.swift in Sources */,
				FC45E8D3286445CD0016F668 /* SignUpInfo.swift in Sources */,
				FCC28C53286B51CF003E7B52 /* TargetType.swift in Sources */,
				FCB7B0992863158C009BA034 /* LoginInfo.swift in Sources */,
				FC06D0E027E525A800E65142 /* SettingsViewController.swift in Sources */,
				FC06D0DC27E5255E00E65142 /* CategoriesViewController.swift in Sources */,
				FC610F382844402F00A0BD95 /* TabBarViewController.swift in Sources */,
				FCAA4F4628451878006C9069 /* AddNewItem.swift in Sources */,
				FCC28C58286B5351003E7B52 /* AddNewUnitNetworking.swift in Sources */,
				FCF9D4E527F2743B00CCE0B9 /* CategoryCollectionViewCell.swift in Sources */,
				FCB55AF9286C28090008569C /* FavoriteModel.swift in Sources */,
				FCEE874427DE5CC9005B5B70 /* SignUpViewController.swift in Sources */,
				FC44EB8928224E2700019723 /* FavoriteHomeCollectionViewCell.swift in Sources */,
				FCC28C55286B51EF003E7B52 /* BaseAPI.swift in Sources */,
				FCB55AF7286C1DE10008569C /* FavoriteServiceManager.swift in Sources */,
				FCEA6DE12818C59900BD1E77 /* UIView+Extensions.swift in Sources */,
				FC6A895E28698DDD007CABC3 /* CategoryDetailsViewController.swift in Sources */,
				FC8380DC2867C7C60028E5C6 /* ConvertImageType.swift in Sources */,
				FC9C2A6B28688C1100CEA8D4 /* AddUserImg.swift in Sources */,
				FCC28C5C286B5D7D003E7B52 /* AddNewItemResponseModel.swift in Sources */,
				FCBB06392867105D004C6A45 /* ComingHomeDataServiceManager.swift in Sources */,
				FCF905AD286B06FE007DD696 /* DetailsViewController.swift in Sources */,
				FC18F7D22861B499001B85C5 /* HomeDetailsViewController.swift in Sources */,
				FC06D0DA27E5251500E65142 /* HomeViewController.swift in Sources */,
				FCA51832281183100045A28C /* SingleHomeCollectionViewCell.swift in Sources */,
				FC18F7D62861E29B001B85C5 /* HomeImagesCollectionViewCell.swift in Sources */,
				FCA892C7285B9269004A4E6D /* NearbyYourLocationCollectionViewCell.swift in Sources */,
				FCB1AD6727F481A600EBCABC /* HomeCollectionViewCell.swift in Sources */,
				FC6A896028698E7A007CABC3 /* CategoryDetailsCollectionViewCell.swift in Sources */,
				FCEE873E27DE0818005B5B70 /* HomePageViewController.swift in Sources */,
				FC908C6228653D3200939C3E /* Model.swift in Sources */,
				FCEE870327DDFEF0005B5B70 /* AppDelegate.swift in Sources */,
				FCEE870D27DDFEF0005B5B70 /* Habitation.xcdatamodeld in Sources */,
				FC9C2A6D28688C6500CEA8D4 /* UserImg.swift in Sources */,
				FC06D0DE27E5259000E65142 /* FavoritesViewController.swift in Sources */,
				FCB7B09728630C55009BA034 /* AuthServiceManager.swift in Sources */,
				FC4618D3285E195700703FCB /* AddNewHomeViewController.swift in Sources */,
				FCA892C5285B90BA004A4E6D /* NearbyYourLocationViewController.swift in Sources */,
				FCF905AF286B0AF6007DD696 /* ImagesCollectionViewCell.swift in Sources */,
				FCA74582285F37CA0006D499 /* ProfileViewController.swift in Sources */,
				FC18F7D42861DDDB001B85C5 /* AllDetailsTableViewCell.swift in Sources */,
				FCEE870527DDFEF0005B5B70 /* SceneDelegate.swift in Sources */,
				FCF9D4E727F2757500CCE0B9 /* Categories.swift in Sources */,
			);
			runOnlyForDeploymentPostprocessing = 0;
		};
		FCEE871427DDFEF2005B5B70 /* Sources */ = {
			isa = PBXSourcesBuildPhase;
			buildActionMask = 2147483647;
			files = (
				FCEE871D27DDFEF2005B5B70 /* HabitationTests.swift in Sources */,
			);
			runOnlyForDeploymentPostprocessing = 0;
		};
		FCEE871E27DDFEF2005B5B70 /* Sources */ = {
			isa = PBXSourcesBuildPhase;
			buildActionMask = 2147483647;
			files = (
				FCEE872727DDFEF2005B5B70 /* HabitationUITests.swift in Sources */,
				FCEE872927DDFEF2005B5B70 /* HabitationUITestsLaunchTests.swift in Sources */,
			);
			runOnlyForDeploymentPostprocessing = 0;
		};
/* End PBXSourcesBuildPhase section */

/* Begin PBXTargetDependency section */
		FCEE871A27DDFEF2005B5B70 /* PBXTargetDependency */ = {
			isa = PBXTargetDependency;
			target = FCEE86FE27DDFEF0005B5B70 /* Habitation */;
			targetProxy = FCEE871927DDFEF2005B5B70 /* PBXContainerItemProxy */;
		};
		FCEE872427DDFEF2005B5B70 /* PBXTargetDependency */ = {
			isa = PBXTargetDependency;
			target = FCEE86FE27DDFEF0005B5B70 /* Habitation */;
			targetProxy = FCEE872327DDFEF2005B5B70 /* PBXContainerItemProxy */;
		};
/* End PBXTargetDependency section */

/* Begin PBXVariantGroup section */
		FCEE870827DDFEF0005B5B70 /* Main.storyboard */ = {
			isa = PBXVariantGroup;
			children = (
				FCEE870927DDFEF0005B5B70 /* Base */,
			);
			name = Main.storyboard;
			sourceTree = "<group>";
		};
		FCEE871027DDFEF2005B5B70 /* LaunchScreen.storyboard */ = {
			isa = PBXVariantGroup;
			children = (
				FCEE871127DDFEF2005B5B70 /* Base */,
			);
			name = LaunchScreen.storyboard;
			sourceTree = "<group>";
		};
/* End PBXVariantGroup section */

/* Begin XCBuildConfiguration section */
		FCEE872A27DDFEF2005B5B70 /* Debug */ = {
			isa = XCBuildConfiguration;
			buildSettings = {
				ALWAYS_SEARCH_USER_PATHS = NO;
				CLANG_ANALYZER_NONNULL = YES;
				CLANG_ANALYZER_NUMBER_OBJECT_CONVERSION = YES_AGGRESSIVE;
				CLANG_CXX_LANGUAGE_STANDARD = "gnu++17";
				CLANG_CXX_LIBRARY = "libc++";
				CLANG_ENABLE_MODULES = YES;
				CLANG_ENABLE_OBJC_ARC = YES;
				CLANG_ENABLE_OBJC_WEAK = YES;
				CLANG_WARN_BLOCK_CAPTURE_AUTORELEASING = YES;
				CLANG_WARN_BOOL_CONVERSION = YES;
				CLANG_WARN_COMMA = YES;
				CLANG_WARN_CONSTANT_CONVERSION = YES;
				CLANG_WARN_DEPRECATED_OBJC_IMPLEMENTATIONS = YES;
				CLANG_WARN_DIRECT_OBJC_ISA_USAGE = YES_ERROR;
				CLANG_WARN_DOCUMENTATION_COMMENTS = YES;
				CLANG_WARN_EMPTY_BODY = YES;
				CLANG_WARN_ENUM_CONVERSION = YES;
				CLANG_WARN_INFINITE_RECURSION = YES;
				CLANG_WARN_INT_CONVERSION = YES;
				CLANG_WARN_NON_LITERAL_NULL_CONVERSION = YES;
				CLANG_WARN_OBJC_IMPLICIT_RETAIN_SELF = YES;
				CLANG_WARN_OBJC_LITERAL_CONVERSION = YES;
				CLANG_WARN_OBJC_ROOT_CLASS = YES_ERROR;
				CLANG_WARN_QUOTED_INCLUDE_IN_FRAMEWORK_HEADER = YES;
				CLANG_WARN_RANGE_LOOP_ANALYSIS = YES;
				CLANG_WARN_STRICT_PROTOTYPES = YES;
				CLANG_WARN_SUSPICIOUS_MOVE = YES;
				CLANG_WARN_UNGUARDED_AVAILABILITY = YES_AGGRESSIVE;
				CLANG_WARN_UNREACHABLE_CODE = YES;
				CLANG_WARN__DUPLICATE_METHOD_MATCH = YES;
				COPY_PHASE_STRIP = NO;
				DEBUG_INFORMATION_FORMAT = dwarf;
				ENABLE_STRICT_OBJC_MSGSEND = YES;
				ENABLE_TESTABILITY = YES;
				GCC_C_LANGUAGE_STANDARD = gnu11;
				GCC_DYNAMIC_NO_PIC = NO;
				GCC_NO_COMMON_BLOCKS = YES;
				GCC_OPTIMIZATION_LEVEL = 0;
				GCC_PREPROCESSOR_DEFINITIONS = (
					"DEBUG=1",
					"$(inherited)",
				);
				GCC_WARN_64_TO_32_BIT_CONVERSION = YES;
				GCC_WARN_ABOUT_RETURN_TYPE = YES_ERROR;
				GCC_WARN_UNDECLARED_SELECTOR = YES;
				GCC_WARN_UNINITIALIZED_AUTOS = YES_AGGRESSIVE;
				GCC_WARN_UNUSED_FUNCTION = YES;
				GCC_WARN_UNUSED_VARIABLE = YES;
				IPHONEOS_DEPLOYMENT_TARGET = 15.2;
				MTL_ENABLE_DEBUG_INFO = INCLUDE_SOURCE;
				MTL_FAST_MATH = YES;
				ONLY_ACTIVE_ARCH = YES;
				SDKROOT = iphoneos;
				SWIFT_ACTIVE_COMPILATION_CONDITIONS = DEBUG;
				SWIFT_OPTIMIZATION_LEVEL = "-Onone";
			};
			name = Debug;
		};
		FCEE872B27DDFEF2005B5B70 /* Release */ = {
			isa = XCBuildConfiguration;
			buildSettings = {
				ALWAYS_SEARCH_USER_PATHS = NO;
				CLANG_ANALYZER_NONNULL = YES;
				CLANG_ANALYZER_NUMBER_OBJECT_CONVERSION = YES_AGGRESSIVE;
				CLANG_CXX_LANGUAGE_STANDARD = "gnu++17";
				CLANG_CXX_LIBRARY = "libc++";
				CLANG_ENABLE_MODULES = YES;
				CLANG_ENABLE_OBJC_ARC = YES;
				CLANG_ENABLE_OBJC_WEAK = YES;
				CLANG_WARN_BLOCK_CAPTURE_AUTORELEASING = YES;
				CLANG_WARN_BOOL_CONVERSION = YES;
				CLANG_WARN_COMMA = YES;
				CLANG_WARN_CONSTANT_CONVERSION = YES;
				CLANG_WARN_DEPRECATED_OBJC_IMPLEMENTATIONS = YES;
				CLANG_WARN_DIRECT_OBJC_ISA_USAGE = YES_ERROR;
				CLANG_WARN_DOCUMENTATION_COMMENTS = YES;
				CLANG_WARN_EMPTY_BODY = YES;
				CLANG_WARN_ENUM_CONVERSION = YES;
				CLANG_WARN_INFINITE_RECURSION = YES;
				CLANG_WARN_INT_CONVERSION = YES;
				CLANG_WARN_NON_LITERAL_NULL_CONVERSION = YES;
				CLANG_WARN_OBJC_IMPLICIT_RETAIN_SELF = YES;
				CLANG_WARN_OBJC_LITERAL_CONVERSION = YES;
				CLANG_WARN_OBJC_ROOT_CLASS = YES_ERROR;
				CLANG_WARN_QUOTED_INCLUDE_IN_FRAMEWORK_HEADER = YES;
				CLANG_WARN_RANGE_LOOP_ANALYSIS = YES;
				CLANG_WARN_STRICT_PROTOTYPES = YES;
				CLANG_WARN_SUSPICIOUS_MOVE = YES;
				CLANG_WARN_UNGUARDED_AVAILABILITY = YES_AGGRESSIVE;
				CLANG_WARN_UNREACHABLE_CODE = YES;
				CLANG_WARN__DUPLICATE_METHOD_MATCH = YES;
				COPY_PHASE_STRIP = NO;
				DEBUG_INFORMATION_FORMAT = "dwarf-with-dsym";
				ENABLE_NS_ASSERTIONS = NO;
				ENABLE_STRICT_OBJC_MSGSEND = YES;
				GCC_C_LANGUAGE_STANDARD = gnu11;
				GCC_NO_COMMON_BLOCKS = YES;
				GCC_WARN_64_TO_32_BIT_CONVERSION = YES;
				GCC_WARN_ABOUT_RETURN_TYPE = YES_ERROR;
				GCC_WARN_UNDECLARED_SELECTOR = YES;
				GCC_WARN_UNINITIALIZED_AUTOS = YES_AGGRESSIVE;
				GCC_WARN_UNUSED_FUNCTION = YES;
				GCC_WARN_UNUSED_VARIABLE = YES;
				IPHONEOS_DEPLOYMENT_TARGET = 15.2;
				MTL_ENABLE_DEBUG_INFO = NO;
				MTL_FAST_MATH = YES;
				SDKROOT = iphoneos;
				SWIFT_COMPILATION_MODE = wholemodule;
				SWIFT_OPTIMIZATION_LEVEL = "-O";
				VALIDATE_PRODUCT = YES;
			};
			name = Release;
		};
		FCEE872D27DDFEF2005B5B70 /* Debug */ = {
			isa = XCBuildConfiguration;
			baseConfigurationReference = 891890C69BE026EA38CD235F /* Pods-Habitation.debug.xcconfig */;
			buildSettings = {
				ASSETCATALOG_COMPILER_APPICON_NAME = AppIcon;
				ASSETCATALOG_COMPILER_GLOBAL_ACCENT_COLOR_NAME = AccentColor;
				CODE_SIGN_STYLE = Automatic;
				CURRENT_PROJECT_VERSION = 1;
				DEVELOPMENT_TEAM = YHNN4VPXK7;
				GENERATE_INFOPLIST_FILE = YES;
				INFOPLIST_FILE = Habitation/Info.plist;
				INFOPLIST_KEY_UIApplicationSupportsIndirectInputEvents = YES;
				INFOPLIST_KEY_UILaunchStoryboardName = LaunchScreen;
				INFOPLIST_KEY_UIMainStoryboardFile = Main;
				INFOPLIST_KEY_UISupportedInterfaceOrientations_iPad = "UIInterfaceOrientationPortrait UIInterfaceOrientationPortraitUpsideDown UIInterfaceOrientationLandscapeLeft UIInterfaceOrientationLandscapeRight";
				INFOPLIST_KEY_UISupportedInterfaceOrientations_iPhone = "UIInterfaceOrientationPortrait UIInterfaceOrientationLandscapeLeft UIInterfaceOrientationLandscapeRight";
				LD_RUNPATH_SEARCH_PATHS = (
					"$(inherited)",
					"@executable_path/Frameworks",
				);
				MARKETING_VERSION = 1.0;
				PRODUCT_BUNDLE_IDENTIFIER = com.ahmedtahaelnaghy.Habitation;
				PRODUCT_NAME = "$(TARGET_NAME)";
				SWIFT_EMIT_LOC_STRINGS = YES;
				SWIFT_VERSION = 5.0;
				TARGETED_DEVICE_FAMILY = "1,2";
			};
			name = Debug;
		};
		FCEE872E27DDFEF2005B5B70 /* Release */ = {
			isa = XCBuildConfiguration;
			baseConfigurationReference = B5F374CB0C5D54B1AE1BAFD6 /* Pods-Habitation.release.xcconfig */;
			buildSettings = {
				ASSETCATALOG_COMPILER_APPICON_NAME = AppIcon;
				ASSETCATALOG_COMPILER_GLOBAL_ACCENT_COLOR_NAME = AccentColor;
				CODE_SIGN_STYLE = Automatic;
				CURRENT_PROJECT_VERSION = 1;
				DEVELOPMENT_TEAM = YHNN4VPXK7;
				GENERATE_INFOPLIST_FILE = YES;
				INFOPLIST_FILE = Habitation/Info.plist;
				INFOPLIST_KEY_UIApplicationSupportsIndirectInputEvents = YES;
				INFOPLIST_KEY_UILaunchStoryboardName = LaunchScreen;
				INFOPLIST_KEY_UIMainStoryboardFile = Main;
				INFOPLIST_KEY_UISupportedInterfaceOrientations_iPad = "UIInterfaceOrientationPortrait UIInterfaceOrientationPortraitUpsideDown UIInterfaceOrientationLandscapeLeft UIInterfaceOrientationLandscapeRight";
				INFOPLIST_KEY_UISupportedInterfaceOrientations_iPhone = "UIInterfaceOrientationPortrait UIInterfaceOrientationLandscapeLeft UIInterfaceOrientationLandscapeRight";
				LD_RUNPATH_SEARCH_PATHS = (
					"$(inherited)",
					"@executable_path/Frameworks",
				);
				MARKETING_VERSION = 1.0;
				PRODUCT_BUNDLE_IDENTIFIER = com.ahmedtahaelnaghy.Habitation;
				PRODUCT_NAME = "$(TARGET_NAME)";
				SWIFT_EMIT_LOC_STRINGS = YES;
				SWIFT_VERSION = 5.0;
				TARGETED_DEVICE_FAMILY = "1,2";
			};
			name = Release;
		};
		FCEE873027DDFEF2005B5B70 /* Debug */ = {
			isa = XCBuildConfiguration;
			buildSettings = {
				ALWAYS_EMBED_SWIFT_STANDARD_LIBRARIES = YES;
				BUNDLE_LOADER = "$(TEST_HOST)";
				CODE_SIGN_STYLE = Automatic;
				CURRENT_PROJECT_VERSION = 1;
				DEVELOPMENT_TEAM = YHNN4VPXK7;
				GENERATE_INFOPLIST_FILE = YES;
				IPHONEOS_DEPLOYMENT_TARGET = 15.2;
				MARKETING_VERSION = 1.0;
				PRODUCT_BUNDLE_IDENTIFIER = com.ahmedtahaelnaghy.HabitationTests;
				PRODUCT_NAME = "$(TARGET_NAME)";
				SWIFT_EMIT_LOC_STRINGS = NO;
				SWIFT_VERSION = 5.0;
				TARGETED_DEVICE_FAMILY = "1,2";
				TEST_HOST = "$(BUILT_PRODUCTS_DIR)/Habitation.app/Habitation";
			};
			name = Debug;
		};
		FCEE873127DDFEF2005B5B70 /* Release */ = {
			isa = XCBuildConfiguration;
			buildSettings = {
				ALWAYS_EMBED_SWIFT_STANDARD_LIBRARIES = YES;
				BUNDLE_LOADER = "$(TEST_HOST)";
				CODE_SIGN_STYLE = Automatic;
				CURRENT_PROJECT_VERSION = 1;
				DEVELOPMENT_TEAM = YHNN4VPXK7;
				GENERATE_INFOPLIST_FILE = YES;
				IPHONEOS_DEPLOYMENT_TARGET = 15.2;
				MARKETING_VERSION = 1.0;
				PRODUCT_BUNDLE_IDENTIFIER = com.ahmedtahaelnaghy.HabitationTests;
				PRODUCT_NAME = "$(TARGET_NAME)";
				SWIFT_EMIT_LOC_STRINGS = NO;
				SWIFT_VERSION = 5.0;
				TARGETED_DEVICE_FAMILY = "1,2";
				TEST_HOST = "$(BUILT_PRODUCTS_DIR)/Habitation.app/Habitation";
			};
			name = Release;
		};
		FCEE873327DDFEF2005B5B70 /* Debug */ = {
			isa = XCBuildConfiguration;
			buildSettings = {
				ALWAYS_EMBED_SWIFT_STANDARD_LIBRARIES = YES;
				CODE_SIGN_STYLE = Automatic;
				CURRENT_PROJECT_VERSION = 1;
				DEVELOPMENT_TEAM = YHNN4VPXK7;
				GENERATE_INFOPLIST_FILE = YES;
				MARKETING_VERSION = 1.0;
				PRODUCT_BUNDLE_IDENTIFIER = com.ahmedtahaelnaghy.HabitationUITests;
				PRODUCT_NAME = "$(TARGET_NAME)";
				SWIFT_EMIT_LOC_STRINGS = NO;
				SWIFT_VERSION = 5.0;
				TARGETED_DEVICE_FAMILY = "1,2";
				TEST_TARGET_NAME = Habitation;
			};
			name = Debug;
		};
		FCEE873427DDFEF2005B5B70 /* Release */ = {
			isa = XCBuildConfiguration;
			buildSettings = {
				ALWAYS_EMBED_SWIFT_STANDARD_LIBRARIES = YES;
				CODE_SIGN_STYLE = Automatic;
				CURRENT_PROJECT_VERSION = 1;
				DEVELOPMENT_TEAM = YHNN4VPXK7;
				GENERATE_INFOPLIST_FILE = YES;
				MARKETING_VERSION = 1.0;
				PRODUCT_BUNDLE_IDENTIFIER = com.ahmedtahaelnaghy.HabitationUITests;
				PRODUCT_NAME = "$(TARGET_NAME)";
				SWIFT_EMIT_LOC_STRINGS = NO;
				SWIFT_VERSION = 5.0;
				TARGETED_DEVICE_FAMILY = "1,2";
				TEST_TARGET_NAME = Habitation;
			};
			name = Release;
		};
/* End XCBuildConfiguration section */

/* Begin XCConfigurationList section */
		FCEE86FA27DDFEF0005B5B70 /* Build configuration list for PBXProject "Habitation" */ = {
			isa = XCConfigurationList;
			buildConfigurations = (
				FCEE872A27DDFEF2005B5B70 /* Debug */,
				FCEE872B27DDFEF2005B5B70 /* Release */,
			);
			defaultConfigurationIsVisible = 0;
			defaultConfigurationName = Release;
		};
		FCEE872C27DDFEF2005B5B70 /* Build configuration list for PBXNativeTarget "Habitation" */ = {
			isa = XCConfigurationList;
			buildConfigurations = (
				FCEE872D27DDFEF2005B5B70 /* Debug */,
				FCEE872E27DDFEF2005B5B70 /* Release */,
			);
			defaultConfigurationIsVisible = 0;
			defaultConfigurationName = Release;
		};
		FCEE872F27DDFEF2005B5B70 /* Build configuration list for PBXNativeTarget "HabitationTests" */ = {
			isa = XCConfigurationList;
			buildConfigurations = (
				FCEE873027DDFEF2005B5B70 /* Debug */,
				FCEE873127DDFEF2005B5B70 /* Release */,
			);
			defaultConfigurationIsVisible = 0;
			defaultConfigurationName = Release;
		};
		FCEE873227DDFEF2005B5B70 /* Build configuration list for PBXNativeTarget "HabitationUITests" */ = {
			isa = XCConfigurationList;
			buildConfigurations = (
				FCEE873327DDFEF2005B5B70 /* Debug */,
				FCEE873427DDFEF2005B5B70 /* Release */,
			);
			defaultConfigurationIsVisible = 0;
			defaultConfigurationName = Release;
		};
/* End XCConfigurationList section */

/* Begin XCVersionGroup section */
		FCEE870B27DDFEF0005B5B70 /* Habitation.xcdatamodeld */ = {
			isa = XCVersionGroup;
			children = (
				FCEE870C27DDFEF0005B5B70 /* Habitation.xcdatamodel */,
			);
			currentVersion = FCEE870C27DDFEF0005B5B70 /* Habitation.xcdatamodel */;
			path = Habitation.xcdatamodeld;
			sourceTree = "<group>";
			versionGroupType = wrapper.xcdatamodel;
		};
/* End XCVersionGroup section */
	};
	rootObject = FCEE86F727DDFEF0005B5B70 /* Project object */;
}
